PODS:
  - Alamofire (4.7.0)
  - Kingfisher (4.0.0)
  - RxCocoa (4.5.0):
    - RxSwift (>= 4.4.2, ~> 4.4)
  - RxSwift (4.5.0)
  - SnapKit (4.0.0)

DEPENDENCIES:
  - Alamofire (= 4.7)
  - Kingfisher (= 4)
  - RxCocoa (~> 4.4)
  - RxSwift (~> 4.4)
  - SnapKit (= 4.0)

SPEC CHECKSUMS:
  Alamofire: 907e0a98eb68cdb7f9d1f541a563d6ac5dc77b25
  Kingfisher: 5cd55fa124d1e731f1d4b04b02832e0e0432d1a9
  RxCocoa: cbf70265dc65a981d4ac982e513c10cf23df24a0
  RxSwift: f172070dfd1a93d70a9ab97a5a01166206e1c575
  SnapKit: a42d492c16e80209130a3379f73596c3454b7694

PODFILE CHECKSUM: 60677866d4793180d01819d26b1f5d03dc6fce0a

COCOAPODS: 1.4.0
