// !$*UTF8*$!
{
	archiveVersion = 1;
	classes = {
	};
	objectVersion = 50;
	objects = {

/* Begin PBXBuildFile section */
		1039C3973A65B320EB18CB82 /* Pods_LivestyledLite.framework in Frameworks */ = {isa = PBXBuildFile; fileRef = F0BFC400E14D9E68C50624CA /* Pods_LivestyledLite.framework */; };
		C2160353067ED7F2B587E33F /* Pods_LivestyledLiteTests.framework in Frameworks */ = {isa = PBXBuildFile; fileRef = 61C02793644CEEDD30FB5412 /* Pods_LivestyledLiteTests.framework */; };
		E73E191C23AE350A00278C32 /* DB.swift in Sources */ = {isa = PBXBuildFile; fileRef = E73E191B23AE350A00278C32 /* DB.swift */; };
		E73E191E23AE515200278C32 /* Notification+Extension.swift in Sources */ = {isa = PBXBuildFile; fileRef = E73E191D23AE515200278C32 /* Notification+Extension.swift */; };
		E77EFF2423A68BAA00E13CF5 /* AppDelegate.swift in Sources */ = {isa = PBXBuildFile; fileRef = E77EFF2323A68BAA00E13CF5 /* AppDelegate.swift */; };
		E77EFF2923A68BAA00E13CF5 /* Main.storyboard in Resources */ = {isa = PBXBuildFile; fileRef = E77EFF2723A68BAA00E13CF5 /* Main.storyboard */; };
		E77EFF2B23A68BB300E13CF5 /* Assets.xcassets in Resources */ = {isa = PBXBuildFile; fileRef = E77EFF2A23A68BB300E13CF5 /* Assets.xcassets */; };
		E77EFF2E23A68BB300E13CF5 /* LaunchScreen.storyboard in Resources */ = {isa = PBXBuildFile; fileRef = E77EFF2C23A68BB300E13CF5 /* LaunchScreen.storyboard */; };
		E77EFF3923A68BB300E13CF5 /* LivestyledLiteTests.swift in Sources */ = {isa = PBXBuildFile; fileRef = E77EFF3823A68BB300E13CF5 /* LivestyledLiteTests.swift */; };
		E77EFF4423A696F800E13CF5 /* EventModel.swift in Sources */ = {isa = PBXBuildFile; fileRef = E77EFF4323A696F800E13CF5 /* EventModel.swift */; };
		E77EFF4723A6980600E13CF5 /* eventModels.json in Resources */ = {isa = PBXBuildFile; fileRef = E77EFF4623A6980600E13CF5 /* eventModels.json */; };
		E77EFF4C23A6BB0200E13CF5 /* LSDecoder.swift in Sources */ = {isa = PBXBuildFile; fileRef = E77EFF4B23A6BB0200E13CF5 /* LSDecoder.swift */; };
		E77EFF4F23A6C47E00E13CF5 /* ServiceType.swift in Sources */ = {isa = PBXBuildFile; fileRef = E77EFF4E23A6C47E00E13CF5 /* ServiceType.swift */; };
		E77EFF5223A6C7A500E13CF5 /* eventModels.json in Resources */ = {isa = PBXBuildFile; fileRef = E77EFF4623A6980600E13CF5 /* eventModels.json */; };
		E77EFF5423A6CA4200E13CF5 /* EventViewModel.swift in Sources */ = {isa = PBXBuildFile; fileRef = E77EFF5323A6CA4200E13CF5 /* EventViewModel.swift */; };
		E77EFF5823A6D3D200E13CF5 /* Rx+extention.swift in Sources */ = {isa = PBXBuildFile; fileRef = E77EFF5723A6D3D200E13CF5 /* Rx+extention.swift */; };
		E77EFF5B23A6D61000E13CF5 /* OptionalType.swift in Sources */ = {isa = PBXBuildFile; fileRef = E77EFF5A23A6D61000E13CF5 /* OptionalType.swift */; };
		E77EFF5C23A6D8D900E13CF5 /* MockService.swift in Sources */ = {isa = PBXBuildFile; fileRef = E77EFF5023A6C53D00E13CF5 /* MockService.swift */; };
		E77EFF5E23A6DB1300E13CF5 /* LSDecoder.swift in Sources */ = {isa = PBXBuildFile; fileRef = E77EFF4B23A6BB0200E13CF5 /* LSDecoder.swift */; };
		E77EFF5F23A6DB1F00E13CF5 /* EventModel.swift in Sources */ = {isa = PBXBuildFile; fileRef = E77EFF4323A696F800E13CF5 /* EventModel.swift */; };
		E77EFF6123A7A35900E13CF5 /* Service.swift in Sources */ = {isa = PBXBuildFile; fileRef = E77EFF6023A7A35900E13CF5 /* Service.swift */; };
		E7BCCB7723A93B4300215FB8 /* Coordinator.swift in Sources */ = {isa = PBXBuildFile; fileRef = E7BCCB7623A93B4300215FB8 /* Coordinator.swift */; };
		E7BCCB7923A93DD800215FB8 /* EventsViewController.swift in Sources */ = {isa = PBXBuildFile; fileRef = E7BCCB7823A93DD800215FB8 /* EventsViewController.swift */; };
		E7BCCB7E23A9518800215FB8 /* EventsTableViewCell.swift in Sources */ = {isa = PBXBuildFile; fileRef = E7BCCB7C23A9518800215FB8 /* EventsTableViewCell.swift */; };
		E7BCCB7F23A9518800215FB8 /* EventsTableViewCell.xib in Resources */ = {isa = PBXBuildFile; fileRef = E7BCCB7D23A9518800215FB8 /* EventsTableViewCell.xib */; };
/* End PBXBuildFile section */

/* Begin PBXContainerItemProxy section */
		E77EFF3523A68BB300E13CF5 /* PBXContainerItemProxy */ = {
			isa = PBXContainerItemProxy;
			containerPortal = E77EFF1823A68BA900E13CF5 /* Project object */;
			proxyType = 1;
			remoteGlobalIDString = E77EFF1F23A68BA900E13CF5;
			remoteInfo = LivestyledLite;
		};
/* End PBXContainerItemProxy section */

/* Begin PBXFileReference section */
		305E48E420306DCF5B25A05D /* Pods-LivestyledLite.release.xcconfig */ = {isa = PBXFileReference; includeInIndex = 1; lastKnownFileType = text.xcconfig; name = "Pods-LivestyledLite.release.xcconfig"; path = "Pods/Target Support Files/Pods-LivestyledLite/Pods-LivestyledLite.release.xcconfig"; sourceTree = "<group>"; };
		61C02793644CEEDD30FB5412 /* Pods_LivestyledLiteTests.framework */ = {isa = PBXFileReference; explicitFileType = wrapper.framework; includeInIndex = 0; path = Pods_LivestyledLiteTests.framework; sourceTree = BUILT_PRODUCTS_DIR; };
		C00871CC35733D9B9620AF16 /* Pods-LivestyledLite.debug.xcconfig */ = {isa = PBXFileReference; includeInIndex = 1; lastKnownFileType = text.xcconfig; name = "Pods-LivestyledLite.debug.xcconfig"; path = "Pods/Target Support Files/Pods-LivestyledLite/Pods-LivestyledLite.debug.xcconfig"; sourceTree = "<group>"; };
		E73E191B23AE350A00278C32 /* DB.swift */ = {isa = PBXFileReference; lastKnownFileType = sourcecode.swift; path = DB.swift; sourceTree = "<group>"; };
		E73E191D23AE515200278C32 /* Notification+Extension.swift */ = {isa = PBXFileReference; lastKnownFileType = sourcecode.swift; path = "Notification+Extension.swift"; sourceTree = "<group>"; };
		E77EFF2023A68BA900E13CF5 /* LivestyledLite.app */ = {isa = PBXFileReference; explicitFileType = wrapper.application; includeInIndex = 0; path = LivestyledLite.app; sourceTree = BUILT_PRODUCTS_DIR; };
		E77EFF2323A68BAA00E13CF5 /* AppDelegate.swift */ = {isa = PBXFileReference; lastKnownFileType = sourcecode.swift; path = AppDelegate.swift; sourceTree = "<group>"; };
		E77EFF2823A68BAA00E13CF5 /* Base */ = {isa = PBXFileReference; lastKnownFileType = file.storyboard; name = Base; path = Base.lproj/Main.storyboard; sourceTree = "<group>"; };
		E77EFF2A23A68BB300E13CF5 /* Assets.xcassets */ = {isa = PBXFileReference; lastKnownFileType = folder.assetcatalog; path = Assets.xcassets; sourceTree = "<group>"; };
		E77EFF2D23A68BB300E13CF5 /* Base */ = {isa = PBXFileReference; lastKnownFileType = file.storyboard; name = Base; path = Base.lproj/LaunchScreen.storyboard; sourceTree = "<group>"; };
		E77EFF2F23A68BB300E13CF5 /* Info.plist */ = {isa = PBXFileReference; lastKnownFileType = text.plist.xml; path = Info.plist; sourceTree = "<group>"; };
		E77EFF3423A68BB300E13CF5 /* LivestyledLiteTests.xctest */ = {isa = PBXFileReference; explicitFileType = wrapper.cfbundle; includeInIndex = 0; path = LivestyledLiteTests.xctest; sourceTree = BUILT_PRODUCTS_DIR; };
		E77EFF3823A68BB300E13CF5 /* LivestyledLiteTests.swift */ = {isa = PBXFileReference; lastKnownFileType = sourcecode.swift; path = LivestyledLiteTests.swift; sourceTree = "<group>"; };
		E77EFF3A23A68BB300E13CF5 /* Info.plist */ = {isa = PBXFileReference; lastKnownFileType = text.plist.xml; path = Info.plist; sourceTree = "<group>"; };
		E77EFF4323A696F800E13CF5 /* EventModel.swift */ = {isa = PBXFileReference; lastKnownFileType = sourcecode.swift; path = EventModel.swift; sourceTree = "<group>"; };
		E77EFF4623A6980600E13CF5 /* eventModels.json */ = {isa = PBXFileReference; lastKnownFileType = text.json; path = eventModels.json; sourceTree = "<group>"; };
		E77EFF4B23A6BB0200E13CF5 /* LSDecoder.swift */ = {isa = PBXFileReference; lastKnownFileType = sourcecode.swift; path = LSDecoder.swift; sourceTree = "<group>"; };
		E77EFF4E23A6C47E00E13CF5 /* ServiceType.swift */ = {isa = PBXFileReference; lastKnownFileType = sourcecode.swift; path = ServiceType.swift; sourceTree = "<group>"; };
		E77EFF5023A6C53D00E13CF5 /* MockService.swift */ = {isa = PBXFileReference; lastKnownFileType = sourcecode.swift; path = MockService.swift; sourceTree = "<group>"; };
		E77EFF5323A6CA4200E13CF5 /* EventViewModel.swift */ = {isa = PBXFileReference; lastKnownFileType = sourcecode.swift; path = EventViewModel.swift; sourceTree = "<group>"; };
		E77EFF5723A6D3D200E13CF5 /* Rx+extention.swift */ = {isa = PBXFileReference; lastKnownFileType = sourcecode.swift; path = "Rx+extention.swift"; sourceTree = "<group>"; };
		E77EFF5A23A6D61000E13CF5 /* OptionalType.swift */ = {isa = PBXFileReference; lastKnownFileType = sourcecode.swift; path = OptionalType.swift; sourceTree = "<group>"; };
		E77EFF6023A7A35900E13CF5 /* Service.swift */ = {isa = PBXFileReference; lastKnownFileType = sourcecode.swift; path = Service.swift; sourceTree = "<group>"; };
		E7BCCB7623A93B4300215FB8 /* Coordinator.swift */ = {isa = PBXFileReference; lastKnownFileType = sourcecode.swift; path = Coordinator.swift; sourceTree = "<group>"; };
		E7BCCB7823A93DD800215FB8 /* EventsViewController.swift */ = {isa = PBXFileReference; lastKnownFileType = sourcecode.swift; path = EventsViewController.swift; sourceTree = "<group>"; };
		E7BCCB7C23A9518800215FB8 /* EventsTableViewCell.swift */ = {isa = PBXFileReference; lastKnownFileType = sourcecode.swift; path = EventsTableViewCell.swift; sourceTree = "<group>"; };
		E7BCCB7D23A9518800215FB8 /* EventsTableViewCell.xib */ = {isa = PBXFileReference; lastKnownFileType = file.xib; path = EventsTableViewCell.xib; sourceTree = "<group>"; };
		F0BFC400E14D9E68C50624CA /* Pods_LivestyledLite.framework */ = {isa = PBXFileReference; explicitFileType = wrapper.framework; includeInIndex = 0; path = Pods_LivestyledLite.framework; sourceTree = BUILT_PRODUCTS_DIR; };
		F75F3E93CAC4B0C3ABA7B52E /* Pods-LivestyledLiteTests.debug.xcconfig */ = {isa = PBXFileReference; includeInIndex = 1; lastKnownFileType = text.xcconfig; name = "Pods-LivestyledLiteTests.debug.xcconfig"; path = "Pods/Target Support Files/Pods-LivestyledLiteTests/Pods-LivestyledLiteTests.debug.xcconfig"; sourceTree = "<group>"; };
		F8DA4145EF9CC4E5FECC669F /* Pods-LivestyledLiteTests.release.xcconfig */ = {isa = PBXFileReference; includeInIndex = 1; lastKnownFileType = text.xcconfig; name = "Pods-LivestyledLiteTests.release.xcconfig"; path = "Pods/Target Support Files/Pods-LivestyledLiteTests/Pods-LivestyledLiteTests.release.xcconfig"; sourceTree = "<group>"; };
/* End PBXFileReference section */

/* Begin PBXFrameworksBuildPhase section */
		E77EFF1D23A68BA900E13CF5 /* Frameworks */ = {
			isa = PBXFrameworksBuildPhase;
			buildActionMask = 2147483647;
			files = (
				1039C3973A65B320EB18CB82 /* Pods_LivestyledLite.framework in Frameworks */,
			);
			runOnlyForDeploymentPostprocessing = 0;
		};
		E77EFF3123A68BB300E13CF5 /* Frameworks */ = {
			isa = PBXFrameworksBuildPhase;
			buildActionMask = 2147483647;
			files = (
				C2160353067ED7F2B587E33F /* Pods_LivestyledLiteTests.framework in Frameworks */,
			);
			runOnlyForDeploymentPostprocessing = 0;
		};
/* End PBXFrameworksBuildPhase section */

/* Begin PBXGroup section */
		744327FAB23DF46A9BFF530E /* Pods */ = {
			isa = PBXGroup;
			children = (
				C00871CC35733D9B9620AF16 /* Pods-LivestyledLite.debug.xcconfig */,
				305E48E420306DCF5B25A05D /* Pods-LivestyledLite.release.xcconfig */,
				F75F3E93CAC4B0C3ABA7B52E /* Pods-LivestyledLiteTests.debug.xcconfig */,
				F8DA4145EF9CC4E5FECC669F /* Pods-LivestyledLiteTests.release.xcconfig */,
			);
			name = Pods;
			sourceTree = "<group>";
		};
		94E177AB475E8AE62616D347 /* Frameworks */ = {
			isa = PBXGroup;
			children = (
				F0BFC400E14D9E68C50624CA /* Pods_LivestyledLite.framework */,
				61C02793644CEEDD30FB5412 /* Pods_LivestyledLiteTests.framework */,
			);
			name = Frameworks;
			sourceTree = "<group>";
		};
		E73E191A23AE34D700278C32 /* db */ = {
			isa = PBXGroup;
			children = (
				E73E191B23AE350A00278C32 /* DB.swift */,
			);
			path = db;
			sourceTree = "<group>";
		};
		E77EFF1723A68BA900E13CF5 = {
			isa = PBXGroup;
			children = (
				E77EFF2223A68BA900E13CF5 /* LivestyledLite */,
				E77EFF3723A68BB300E13CF5 /* LivestyledLiteTests */,
				E77EFF2123A68BA900E13CF5 /* Products */,
				744327FAB23DF46A9BFF530E /* Pods */,
				94E177AB475E8AE62616D347 /* Frameworks */,
			);
			sourceTree = "<group>";
		};
		E77EFF2123A68BA900E13CF5 /* Products */ = {
			isa = PBXGroup;
			children = (
				E77EFF2023A68BA900E13CF5 /* LivestyledLite.app */,
				E77EFF3423A68BB300E13CF5 /* LivestyledLiteTests.xctest */,
			);
			name = Products;
			sourceTree = "<group>";
		};
		E77EFF2223A68BA900E13CF5 /* LivestyledLite */ = {
			isa = PBXGroup;
			children = (
				E73E191A23AE34D700278C32 /* db */,
				E7BCCB7B23A9516300215FB8 /* Cell */,
				E7BCCB7823A93DD800215FB8 /* EventsViewController.swift */,
				E7BCCB7523A93AE900215FB8 /* Coordinator */,
				E77EFF4D23A6C19A00E13CF5 /* Api */,
				E77EFF2323A68BAA00E13CF5 /* AppDelegate.swift */,
				E77EFF4523A6970D00E13CF5 /* support */,
				E77EFF4823A6993D00E13CF5 /* model */,
				E77EFF5523A6CA5100E13CF5 /* ViewModel */,
				E77EFF5923A6D43B00E13CF5 /* Extension */,
			);
			path = LivestyledLite;
			sourceTree = "<group>";
		};
		E77EFF3723A68BB300E13CF5 /* LivestyledLiteTests */ = {
			isa = PBXGroup;
			children = (
				E77EFF3823A68BB300E13CF5 /* LivestyledLiteTests.swift */,
				E77EFF3A23A68BB300E13CF5 /* Info.plist */,
				E77EFF4623A6980600E13CF5 /* eventModels.json */,
			);
			path = LivestyledLiteTests;
			sourceTree = "<group>";
		};
		E77EFF4523A6970D00E13CF5 /* support */ = {
			isa = PBXGroup;
			children = (
				E77EFF2723A68BAA00E13CF5 /* Main.storyboard */,
				E77EFF2A23A68BB300E13CF5 /* Assets.xcassets */,
				E77EFF2C23A68BB300E13CF5 /* LaunchScreen.storyboard */,
				E77EFF2F23A68BB300E13CF5 /* Info.plist */,
			);
			path = support;
			sourceTree = "<group>";
		};
		E77EFF4823A6993D00E13CF5 /* model */ = {
			isa = PBXGroup;
			children = (
				E77EFF4323A696F800E13CF5 /* EventModel.swift */,
				E77EFF4B23A6BB0200E13CF5 /* LSDecoder.swift */,
			);
			path = model;
			sourceTree = "<group>";
		};
		E77EFF4D23A6C19A00E13CF5 /* Api */ = {
			isa = PBXGroup;
			children = (
				E77EFF4E23A6C47E00E13CF5 /* ServiceType.swift */,
				E77EFF5023A6C53D00E13CF5 /* MockService.swift */,
				E77EFF6023A7A35900E13CF5 /* Service.swift */,
			);
			path = Api;
			sourceTree = "<group>";
		};
		E77EFF5523A6CA5100E13CF5 /* ViewModel */ = {
			isa = PBXGroup;
			children = (
				E77EFF5323A6CA4200E13CF5 /* EventViewModel.swift */,
			);
			path = ViewModel;
			sourceTree = "<group>";
		};
		E77EFF5923A6D43B00E13CF5 /* Extension */ = {
			isa = PBXGroup;
			children = (
				E77EFF5723A6D3D200E13CF5 /* Rx+extention.swift */,
				E77EFF5A23A6D61000E13CF5 /* OptionalType.swift */,
				E73E191D23AE515200278C32 /* Notification+Extension.swift */,
			);
			path = Extension;
			sourceTree = "<group>";
		};
		E7BCCB7523A93AE900215FB8 /* Coordinator */ = {
			isa = PBXGroup;
			children = (
				E7BCCB7623A93B4300215FB8 /* Coordinator.swift */,
			);
			path = Coordinator;
			sourceTree = "<group>";
		};
		E7BCCB7B23A9516300215FB8 /* Cell */ = {
			isa = PBXGroup;
			children = (
				E7BCCB7C23A9518800215FB8 /* EventsTableViewCell.swift */,
				E7BCCB7D23A9518800215FB8 /* EventsTableViewCell.xib */,
			);
			path = Cell;
			sourceTree = "<group>";
		};
/* End PBXGroup section */

/* Begin PBXNativeTarget section */
		E77EFF1F23A68BA900E13CF5 /* LivestyledLite */ = {
			isa = PBXNativeTarget;
			buildConfigurationList = E77EFF3D23A68BB300E13CF5 /* Build configuration list for PBXNativeTarget "LivestyledLite" */;
			buildPhases = (
				663546A245ABF7BC8A01EFA6 /* [CP] Check Pods Manifest.lock */,
				E77EFF1C23A68BA900E13CF5 /* Sources */,
				E77EFF1D23A68BA900E13CF5 /* Frameworks */,
				E77EFF1E23A68BA900E13CF5 /* Resources */,
				9DC134103FBD2C919281DA6D /* [CP] Embed Pods Frameworks */,
				206E12B36D6758849979D06F /* [CP] Copy Pods Resources */,
			);
			buildRules = (
			);
			dependencies = (
			);
			name = LivestyledLite;
			productName = LivestyledLite;
			productReference = E77EFF2023A68BA900E13CF5 /* LivestyledLite.app */;
			productType = "com.apple.product-type.application";
		};
		E77EFF3323A68BB300E13CF5 /* LivestyledLiteTests */ = {
			isa = PBXNativeTarget;
			buildConfigurationList = E77EFF4023A68BB300E13CF5 /* Build configuration list for PBXNativeTarget "LivestyledLiteTests" */;
			buildPhases = (
				65BC92860EFA8E5DA48041C3 /* [CP] Check Pods Manifest.lock */,
				E77EFF3023A68BB300E13CF5 /* Sources */,
				E77EFF3123A68BB300E13CF5 /* Frameworks */,
				E77EFF3223A68BB300E13CF5 /* Resources */,
				41006B96853077817D3ABC66 /* [CP] Embed Pods Frameworks */,
				A7721DF98CB431CE89ADDAF9 /* [CP] Copy Pods Resources */,
			);
			buildRules = (
			);
			dependencies = (
				E77EFF3623A68BB300E13CF5 /* PBXTargetDependency */,
			);
			name = LivestyledLiteTests;
			productName = LivestyledLiteTests;
			productReference = E77EFF3423A68BB300E13CF5 /* LivestyledLiteTests.xctest */;
			productType = "com.apple.product-type.bundle.unit-test";
		};
/* End PBXNativeTarget section */

/* Begin PBXProject section */
		E77EFF1823A68BA900E13CF5 /* Project object */ = {
			isa = PBXProject;
			attributes = {
				LastSwiftUpdateCheck = 0940;
				LastUpgradeCheck = 0940;
				ORGANIZATIONNAME = zip520123;
				TargetAttributes = {
					E77EFF1F23A68BA900E13CF5 = {
						CreatedOnToolsVersion = 9.4.1;
					};
					E77EFF3323A68BB300E13CF5 = {
						CreatedOnToolsVersion = 9.4.1;
						TestTargetID = E77EFF1F23A68BA900E13CF5;
					};
				};
			};
			buildConfigurationList = E77EFF1B23A68BA900E13CF5 /* Build configuration list for PBXProject "LivestyledLite" */;
			compatibilityVersion = "Xcode 9.3";
			developmentRegion = en;
			hasScannedForEncodings = 0;
			knownRegions = (
				en,
				Base,
			);
			mainGroup = E77EFF1723A68BA900E13CF5;
			productRefGroup = E77EFF2123A68BA900E13CF5 /* Products */;
			projectDirPath = "";
			projectRoot = "";
			targets = (
				E77EFF1F23A68BA900E13CF5 /* LivestyledLite */,
				E77EFF3323A68BB300E13CF5 /* LivestyledLiteTests */,
			);
		};
/* End PBXProject section */

/* Begin PBXResourcesBuildPhase section */
		E77EFF1E23A68BA900E13CF5 /* Resources */ = {
			isa = PBXResourcesBuildPhase;
			buildActionMask = 2147483647;
			files = (
				E7BCCB7F23A9518800215FB8 /* EventsTableViewCell.xib in Resources */,
				E77EFF2E23A68BB300E13CF5 /* LaunchScreen.storyboard in Resources */,
				E77EFF2B23A68BB300E13CF5 /* Assets.xcassets in Resources */,
				E77EFF5223A6C7A500E13CF5 /* eventModels.json in Resources */,
				E77EFF2923A68BAA00E13CF5 /* Main.storyboard in Resources */,
			);
			runOnlyForDeploymentPostprocessing = 0;
		};
		E77EFF3223A68BB300E13CF5 /* Resources */ = {
			isa = PBXResourcesBuildPhase;
			buildActionMask = 2147483647;
			files = (
				E77EFF4723A6980600E13CF5 /* eventModels.json in Resources */,
			);
			runOnlyForDeploymentPostprocessing = 0;
		};
/* End PBXResourcesBuildPhase section */

/* Begin PBXShellScriptBuildPhase section */
		206E12B36D6758849979D06F /* [CP] Copy Pods Resources */ = {
			isa = PBXShellScriptBuildPhase;
			buildActionMask = 2147483647;
			files = (
			);
			inputPaths = (
			);
			name = "[CP] Copy Pods Resources";
			outputPaths = (
			);
			runOnlyForDeploymentPostprocessing = 0;
			shellPath = /bin/sh;
			shellScript = "\"${SRCROOT}/Pods/Target Support Files/Pods-LivestyledLite/Pods-LivestyledLite-resources.sh\"\n";
			showEnvVarsInLog = 0;
		};
		41006B96853077817D3ABC66 /* [CP] Embed Pods Frameworks */ = {
			isa = PBXShellScriptBuildPhase;
			buildActionMask = 2147483647;
			files = (
			);
			inputPaths = (
			);
			name = "[CP] Embed Pods Frameworks";
			outputPaths = (
			);
			runOnlyForDeploymentPostprocessing = 0;
			shellPath = /bin/sh;
			shellScript = "\"${SRCROOT}/Pods/Target Support Files/Pods-LivestyledLiteTests/Pods-LivestyledLiteTests-frameworks.sh\"\n";
			showEnvVarsInLog = 0;
		};
		65BC92860EFA8E5DA48041C3 /* [CP] Check Pods Manifest.lock */ = {
			isa = PBXShellScriptBuildPhase;
			buildActionMask = 2147483647;
			files = (
			);
			inputPaths = (
				"${PODS_PODFILE_DIR_PATH}/Podfile.lock",
				"${PODS_ROOT}/Manifest.lock",
			);
			name = "[CP] Check Pods Manifest.lock";
			outputPaths = (
				"$(DERIVED_FILE_DIR)/Pods-LivestyledLiteTests-checkManifestLockResult.txt",
			);
			runOnlyForDeploymentPostprocessing = 0;
			shellPath = /bin/sh;
			shellScript = "diff \"${PODS_PODFILE_DIR_PATH}/Podfile.lock\" \"${PODS_ROOT}/Manifest.lock\" > /dev/null\nif [ $? != 0 ] ; then\n    # print error to STDERR\n    echo \"error: The sandbox is not in sync with the Podfile.lock. Run 'pod install' or update your CocoaPods installation.\" >&2\n    exit 1\nfi\n# This output is used by Xcode 'outputs' to avoid re-running this script phase.\necho \"SUCCESS\" > \"${SCRIPT_OUTPUT_FILE_0}\"\n";
			showEnvVarsInLog = 0;
		};
		663546A245ABF7BC8A01EFA6 /* [CP] Check Pods Manifest.lock */ = {
			isa = PBXShellScriptBuildPhase;
			buildActionMask = 2147483647;
			files = (
			);
			inputPaths = (
				"${PODS_PODFILE_DIR_PATH}/Podfile.lock",
				"${PODS_ROOT}/Manifest.lock",
			);
			name = "[CP] Check Pods Manifest.lock";
			outputPaths = (
				"$(DERIVED_FILE_DIR)/Pods-LivestyledLite-checkManifestLockResult.txt",
			);
			runOnlyForDeploymentPostprocessing = 0;
			shellPath = /bin/sh;
			shellScript = "diff \"${PODS_PODFILE_DIR_PATH}/Podfile.lock\" \"${PODS_ROOT}/Manifest.lock\" > /dev/null\nif [ $? != 0 ] ; then\n    # print error to STDERR\n    echo \"error: The sandbox is not in sync with the Podfile.lock. Run 'pod install' or update your CocoaPods installation.\" >&2\n    exit 1\nfi\n# This output is used by Xcode 'outputs' to avoid re-running this script phase.\necho \"SUCCESS\" > \"${SCRIPT_OUTPUT_FILE_0}\"\n";
			showEnvVarsInLog = 0;
		};
		9DC134103FBD2C919281DA6D /* [CP] Embed Pods Frameworks */ = {
			isa = PBXShellScriptBuildPhase;
			buildActionMask = 2147483647;
			files = (
			);
			inputPaths = (
				"${SRCROOT}/Pods/Target Support Files/Pods-LivestyledLite/Pods-LivestyledLite-frameworks.sh",
				"${BUILT_PRODUCTS_DIR}/Alamofire/Alamofire.framework",
				"${BUILT_PRODUCTS_DIR}/Kingfisher/Kingfisher.framework",
				"${BUILT_PRODUCTS_DIR}/MarqueeLabel/MarqueeLabel.framework",
				"${BUILT_PRODUCTS_DIR}/NotificationBannerSwift/NotificationBannerSwift.framework",
				"${BUILT_PRODUCTS_DIR}/ReachabilitySwift/Reachability.framework",
				"${BUILT_PRODUCTS_DIR}/RxCocoa/RxCocoa.framework",
				"${BUILT_PRODUCTS_DIR}/RxReachability/RxReachability.framework",
				"${BUILT_PRODUCTS_DIR}/RxSwift/RxSwift.framework",
				"${BUILT_PRODUCTS_DIR}/SnapKit/SnapKit.framework",
			);
			name = "[CP] Embed Pods Frameworks";
			outputPaths = (
				"${TARGET_BUILD_DIR}/${FRAMEWORKS_FOLDER_PATH}/Alamofire.framework",
				"${TARGET_BUILD_DIR}/${FRAMEWORKS_FOLDER_PATH}/Kingfisher.framework",
				"${TARGET_BUILD_DIR}/${FRAMEWORKS_FOLDER_PATH}/MarqueeLabel.framework",
				"${TARGET_BUILD_DIR}/${FRAMEWORKS_FOLDER_PATH}/NotificationBannerSwift.framework",
				"${TARGET_BUILD_DIR}/${FRAMEWORKS_FOLDER_PATH}/Reachability.framework",
				"${TARGET_BUILD_DIR}/${FRAMEWORKS_FOLDER_PATH}/RxCocoa.framework",
				"${TARGET_BUILD_DIR}/${FRAMEWORKS_FOLDER_PATH}/RxReachability.framework",
				"${TARGET_BUILD_DIR}/${FRAMEWORKS_FOLDER_PATH}/RxSwift.framework",
				"${TARGET_BUILD_DIR}/${FRAMEWORKS_FOLDER_PATH}/SnapKit.framework",
			);
			runOnlyForDeploymentPostprocessing = 0;
			shellPath = /bin/sh;
			shellScript = "\"${SRCROOT}/Pods/Target Support Files/Pods-LivestyledLite/Pods-LivestyledLite-frameworks.sh\"\n";
			showEnvVarsInLog = 0;
		};
		A7721DF98CB431CE89ADDAF9 /* [CP] Copy Pods Resources */ = {
			isa = PBXShellScriptBuildPhase;
			buildActionMask = 2147483647;
			files = (
			);
			inputPaths = (
			);
			name = "[CP] Copy Pods Resources";
			outputPaths = (
			);
			runOnlyForDeploymentPostprocessing = 0;
			shellPath = /bin/sh;
			shellScript = "\"${SRCROOT}/Pods/Target Support Files/Pods-LivestyledLiteTests/Pods-LivestyledLiteTests-resources.sh\"\n";
			showEnvVarsInLog = 0;
		};
/* End PBXShellScriptBuildPhase section */

/* Begin PBXSourcesBuildPhase section */
		E77EFF1C23A68BA900E13CF5 /* Sources */ = {
			isa = PBXSourcesBuildPhase;
			buildActionMask = 2147483647;
			files = (
				E73E191C23AE350A00278C32 /* DB.swift in Sources */,
				E77EFF4F23A6C47E00E13CF5 /* ServiceType.swift in Sources */,
				E77EFF4423A696F800E13CF5 /* EventModel.swift in Sources */,
				E77EFF5C23A6D8D900E13CF5 /* MockService.swift in Sources */,
				E73E191E23AE515200278C32 /* Notification+Extension.swift in Sources */,
				E77EFF5823A6D3D200E13CF5 /* Rx+extention.swift in Sources */,
				E7BCCB7E23A9518800215FB8 /* EventsTableViewCell.swift in Sources */,
				E77EFF4C23A6BB0200E13CF5 /* LSDecoder.swift in Sources */,
				E7BCCB7923A93DD800215FB8 /* EventsViewController.swift in Sources */,
				E7BCCB7723A93B4300215FB8 /* Coordinator.swift in Sources */,
				E77EFF5B23A6D61000E13CF5 /* OptionalType.swift in Sources */,
				E77EFF6123A7A35900E13CF5 /* Service.swift in Sources */,
				E77EFF2423A68BAA00E13CF5 /* AppDelegate.swift in Sources */,
				E77EFF5423A6CA4200E13CF5 /* EventViewModel.swift in Sources */,
			);
			runOnlyForDeploymentPostprocessing = 0;
		};
		E77EFF3023A68BB300E13CF5 /* Sources */ = {
			isa = PBXSourcesBuildPhase;
			buildActionMask = 2147483647;
			files = (
				E77EFF3923A68BB300E13CF5 /* LivestyledLiteTests.swift in Sources */,
				E77EFF5F23A6DB1F00E13CF5 /* EventModel.swift in Sources */,
				E77EFF5E23A6DB1300E13CF5 /* LSDecoder.swift in Sources */,
			);
			runOnlyForDeploymentPostprocessing = 0;
		};
/* End PBXSourcesBuildPhase section */

/* Begin PBXTargetDependency section */
		E77EFF3623A68BB300E13CF5 /* PBXTargetDependency */ = {
			isa = PBXTargetDependency;
			target = E77EFF1F23A68BA900E13CF5 /* LivestyledLite */;
			targetProxy = E77EFF3523A68BB300E13CF5 /* PBXContainerItemProxy */;
		};
/* End PBXTargetDependency section */

/* Begin PBXVariantGroup section */
		E77EFF2723A68BAA00E13CF5 /* Main.storyboard */ = {
			isa = PBXVariantGroup;
			children = (
				E77EFF2823A68BAA00E13CF5 /* Base */,
			);
			name = Main.storyboard;
			sourceTree = "<group>";
		};
		E77EFF2C23A68BB300E13CF5 /* LaunchScreen.storyboard */ = {
			isa = PBXVariantGroup;
			children = (
				E77EFF2D23A68BB300E13CF5 /* Base */,
			);
			name = LaunchScreen.storyboard;
			sourceTree = "<group>";
		};
/* End PBXVariantGroup section */

/* Begin XCBuildConfiguration section */
		E77EFF3B23A68BB300E13CF5 /* Debug */ = {
			isa = XCBuildConfiguration;
			buildSettings = {
				ALWAYS_SEARCH_USER_PATHS = NO;
				CLANG_ANALYZER_NONNULL = YES;
				CLANG_ANALYZER_NUMBER_OBJECT_CONVERSION = YES_AGGRESSIVE;
				CLANG_CXX_LANGUAGE_STANDARD = "gnu++14";
				CLANG_CXX_LIBRARY = "libc++";
				CLANG_ENABLE_MODULES = YES;
				CLANG_ENABLE_OBJC_ARC = YES;
				CLANG_ENABLE_OBJC_WEAK = YES;
				CLANG_WARN_BLOCK_CAPTURE_AUTORELEASING = YES;
				CLANG_WARN_BOOL_CONVERSION = YES;
				CLANG_WARN_COMMA = YES;
				CLANG_WARN_CONSTANT_CONVERSION = YES;
				CLANG_WARN_DEPRECATED_OBJC_IMPLEMENTATIONS = YES;
				CLANG_WARN_DIRECT_OBJC_ISA_USAGE = YES_ERROR;
				CLANG_WARN_DOCUMENTATION_COMMENTS = YES;
				CLANG_WARN_EMPTY_BODY = YES;
				CLANG_WARN_ENUM_CONVERSION = YES;
				CLANG_WARN_INFINITE_RECURSION = YES;
				CLANG_WARN_INT_CONVERSION = YES;
				CLANG_WARN_NON_LITERAL_NULL_CONVERSION = YES;
				CLANG_WARN_OBJC_IMPLICIT_RETAIN_SELF = YES;
				CLANG_WARN_OBJC_LITERAL_CONVERSION = YES;
				CLANG_WARN_OBJC_ROOT_CLASS = YES_ERROR;
				CLANG_WARN_RANGE_LOOP_ANALYSIS = YES;
				CLANG_WARN_STRICT_PROTOTYPES = YES;
				CLANG_WARN_SUSPICIOUS_MOVE = YES;
				CLANG_WARN_UNGUARDED_AVAILABILITY = YES_AGGRESSIVE;
				CLANG_WARN_UNREACHABLE_CODE = YES;
				CLANG_WARN__DUPLICATE_METHOD_MATCH = YES;
				CODE_SIGN_IDENTITY = "iPhone Developer";
				COPY_PHASE_STRIP = NO;
				DEBUG_INFORMATION_FORMAT = dwarf;
				ENABLE_STRICT_OBJC_MSGSEND = YES;
				ENABLE_TESTABILITY = YES;
				GCC_C_LANGUAGE_STANDARD = gnu11;
				GCC_DYNAMIC_NO_PIC = NO;
				GCC_NO_COMMON_BLOCKS = YES;
				GCC_OPTIMIZATION_LEVEL = 0;
				GCC_PREPROCESSOR_DEFINITIONS = (
					"DEBUG=1",
					"$(inherited)",
				);
				GCC_WARN_64_TO_32_BIT_CONVERSION = YES;
				GCC_WARN_ABOUT_RETURN_TYPE = YES_ERROR;
				GCC_WARN_UNDECLARED_SELECTOR = YES;
				GCC_WARN_UNINITIALIZED_AUTOS = YES_AGGRESSIVE;
				GCC_WARN_UNUSED_FUNCTION = YES;
				GCC_WARN_UNUSED_VARIABLE = YES;
				IPHONEOS_DEPLOYMENT_TARGET = 11.4;
				MTL_ENABLE_DEBUG_INFO = YES;
				ONLY_ACTIVE_ARCH = YES;
				SDKROOT = iphoneos;
				SWIFT_ACTIVE_COMPILATION_CONDITIONS = DEBUG;
				SWIFT_OPTIMIZATION_LEVEL = "-Onone";
			};
			name = Debug;
		};
		E77EFF3C23A68BB300E13CF5 /* Release */ = {
			isa = XCBuildConfiguration;
			buildSettings = {
				ALWAYS_SEARCH_USER_PATHS = NO;
				CLANG_ANALYZER_NONNULL = YES;
				CLANG_ANALYZER_NUMBER_OBJECT_CONVERSION = YES_AGGRESSIVE;
				CLANG_CXX_LANGUAGE_STANDARD = "gnu++14";
				CLANG_CXX_LIBRARY = "libc++";
				CLANG_ENABLE_MODULES = YES;
				CLANG_ENABLE_OBJC_ARC = YES;
				CLANG_ENABLE_OBJC_WEAK = YES;
				CLANG_WARN_BLOCK_CAPTURE_AUTORELEASING = YES;
				CLANG_WARN_BOOL_CONVERSION = YES;
				CLANG_WARN_COMMA = YES;
				CLANG_WARN_CONSTANT_CONVERSION = YES;
				CLANG_WARN_DEPRECATED_OBJC_IMPLEMENTATIONS = YES;
				CLANG_WARN_DIRECT_OBJC_ISA_USAGE = YES_ERROR;
				CLANG_WARN_DOCUMENTATION_COMMENTS = YES;
				CLANG_WARN_EMPTY_BODY = YES;
				CLANG_WARN_ENUM_CONVERSION = YES;
				CLANG_WARN_INFINITE_RECURSION = YES;
				CLANG_WARN_INT_CONVERSION = YES;
				CLANG_WARN_NON_LITERAL_NULL_CONVERSION = YES;
				CLANG_WARN_OBJC_IMPLICIT_RETAIN_SELF = YES;
				CLANG_WARN_OBJC_LITERAL_CONVERSION = YES;
				CLANG_WARN_OBJC_ROOT_CLASS = YES_ERROR;
				CLANG_WARN_RANGE_LOOP_ANALYSIS = YES;
				CLANG_WARN_STRICT_PROTOTYPES = YES;
				CLANG_WARN_SUSPICIOUS_MOVE = YES;
				CLANG_WARN_UNGUARDED_AVAILABILITY = YES_AGGRESSIVE;
				CLANG_WARN_UNREACHABLE_CODE = YES;
				CLANG_WARN__DUPLICATE_METHOD_MATCH = YES;
				CODE_SIGN_IDENTITY = "iPhone Developer";
				COPY_PHASE_STRIP = NO;
				DEBUG_INFORMATION_FORMAT = "dwarf-with-dsym";
				ENABLE_NS_ASSERTIONS = NO;
				ENABLE_STRICT_OBJC_MSGSEND = YES;
				GCC_C_LANGUAGE_STANDARD = gnu11;
				GCC_NO_COMMON_BLOCKS = YES;
				GCC_WARN_64_TO_32_BIT_CONVERSION = YES;
				GCC_WARN_ABOUT_RETURN_TYPE = YES_ERROR;
				GCC_WARN_UNDECLARED_SELECTOR = YES;
				GCC_WARN_UNINITIALIZED_AUTOS = YES_AGGRESSIVE;
				GCC_WARN_UNUSED_FUNCTION = YES;
				GCC_WARN_UNUSED_VARIABLE = YES;
				IPHONEOS_DEPLOYMENT_TARGET = 11.4;
				MTL_ENABLE_DEBUG_INFO = NO;
				SDKROOT = iphoneos;
				SWIFT_COMPILATION_MODE = wholemodule;
				SWIFT_OPTIMIZATION_LEVEL = "-O";
				VALIDATE_PRODUCT = YES;
			};
			name = Release;
		};
		E77EFF3E23A68BB300E13CF5 /* Debug */ = {
			isa = XCBuildConfiguration;
			baseConfigurationReference = C00871CC35733D9B9620AF16 /* Pods-LivestyledLite.debug.xcconfig */;
			buildSettings = {
				ASSETCATALOG_COMPILER_APPICON_NAME = AppIcon;
				CODE_SIGN_STYLE = Automatic;
				DEVELOPMENT_TEAM = 3653B62ALA;
				INFOPLIST_FILE = "$(SRCROOT)/LivestyledLite/support/Info.plist";
				LD_RUNPATH_SEARCH_PATHS = "$(inherited) @executable_path/Frameworks";
				PRODUCT_BUNDLE_IDENTIFIER = com.Lin.LivestyledLite;
				PRODUCT_NAME = "$(TARGET_NAME)";
				SWIFT_VERSION = 4.0;
				TARGETED_DEVICE_FAMILY = "1,2";
			};
			name = Debug;
		};
		E77EFF3F23A68BB300E13CF5 /* Release */ = {
			isa = XCBuildConfiguration;
			baseConfigurationReference = 305E48E420306DCF5B25A05D /* Pods-LivestyledLite.release.xcconfig */;
			buildSettings = {
				ASSETCATALOG_COMPILER_APPICON_NAME = AppIcon;
				CODE_SIGN_STYLE = Automatic;
				DEVELOPMENT_TEAM = 3653B62ALA;
				INFOPLIST_FILE = "$(SRCROOT)/LivestyledLite/support/Info.plist";
				LD_RUNPATH_SEARCH_PATHS = "$(inherited) @executable_path/Frameworks";
				PRODUCT_BUNDLE_IDENTIFIER = com.Lin.LivestyledLite;
				PRODUCT_NAME = "$(TARGET_NAME)";
				SWIFT_VERSION = 4.0;
				TARGETED_DEVICE_FAMILY = "1,2";
			};
			name = Release;
		};
		E77EFF4123A68BB300E13CF5 /* Debug */ = {
			isa = XCBuildConfiguration;
			baseConfigurationReference = F75F3E93CAC4B0C3ABA7B52E /* Pods-LivestyledLiteTests.debug.xcconfig */;
			buildSettings = {
				ALWAYS_EMBED_SWIFT_STANDARD_LIBRARIES = YES;
				BUNDLE_LOADER = "$(TEST_HOST)";
				CODE_SIGN_STYLE = Automatic;
				DEVELOPMENT_TEAM = 3653B62ALA;
				INFOPLIST_FILE = LivestyledLiteTests/Info.plist;
				LD_RUNPATH_SEARCH_PATHS = "$(inherited) @executable_path/Frameworks @loader_path/Frameworks";
				PRODUCT_BUNDLE_IDENTIFIER = com.Lin.LivestyledLiteTests;
				PRODUCT_NAME = "$(TARGET_NAME)";
				SWIFT_VERSION = 4.0;
				TARGETED_DEVICE_FAMILY = "1,2";
				TEST_HOST = "$(BUILT_PRODUCTS_DIR)/LivestyledLite.app/LivestyledLite";
			};
			name = Debug;
		};
		E77EFF4223A68BB300E13CF5 /* Release */ = {
			isa = XCBuildConfiguration;
			baseConfigurationReference = F8DA4145EF9CC4E5FECC669F /* Pods-LivestyledLiteTests.release.xcconfig */;
			buildSettings = {
				ALWAYS_EMBED_SWIFT_STANDARD_LIBRARIES = YES;
				BUNDLE_LOADER = "$(TEST_HOST)";
				CODE_SIGN_STYLE = Automatic;
				DEVELOPMENT_TEAM = 3653B62ALA;
				INFOPLIST_FILE = LivestyledLiteTests/Info.plist;
				LD_RUNPATH_SEARCH_PATHS = "$(inherited) @executable_path/Frameworks @loader_path/Frameworks";
				PRODUCT_BUNDLE_IDENTIFIER = com.Lin.LivestyledLiteTests;
				PRODUCT_NAME = "$(TARGET_NAME)";
				SWIFT_VERSION = 4.0;
				TARGETED_DEVICE_FAMILY = "1,2";
				TEST_HOST = "$(BUILT_PRODUCTS_DIR)/LivestyledLite.app/LivestyledLite";
			};
			name = Release;
		};
/* End XCBuildConfiguration section */

/* Begin XCConfigurationList section */
		E77EFF1B23A68BA900E13CF5 /* Build configuration list for PBXProject "LivestyledLite" */ = {
			isa = XCConfigurationList;
			buildConfigurations = (
				E77EFF3B23A68BB300E13CF5 /* Debug */,
				E77EFF3C23A68BB300E13CF5 /* Release */,
			);
			defaultConfigurationIsVisible = 0;
			defaultConfigurationName = Release;
		};
		E77EFF3D23A68BB300E13CF5 /* Build configuration list for PBXNativeTarget "LivestyledLite" */ = {
			isa = XCConfigurationList;
			buildConfigurations = (
				E77EFF3E23A68BB300E13CF5 /* Debug */,
				E77EFF3F23A68BB300E13CF5 /* Release */,
			);
			defaultConfigurationIsVisible = 0;
			defaultConfigurationName = Release;
		};
		E77EFF4023A68BB300E13CF5 /* Build configuration list for PBXNativeTarget "LivestyledLiteTests" */ = {
			isa = XCConfigurationList;
			buildConfigurations = (
				E77EFF4123A68BB300E13CF5 /* Debug */,
				E77EFF4223A68BB300E13CF5 /* Release */,
			);
			defaultConfigurationIsVisible = 0;
			defaultConfigurationName = Release;
		};
/* End XCConfigurationList section */
	};
	rootObject = E77EFF1823A68BA900E13CF5 /* Project object */;
}
